
Microsoft Visual Studio Solution File, Format Version 12.00
# Visual Studio Version 17
VisualStudioVersion = 17.8.34330.188
MinimumVisualStudioVersion = 10.0.40219.1
Project("{FAE04EC0-301F-11D3-BF4B-00C04F79EFBC}") = "Poke", "Poke.csproj", "{80E5D2C4-9DCA-4451-A8D5-03289518B2CD}"
EndProject
Global
	GlobalSection(SolutionConfigurationPlatforms) = preSolution
		Debug|Any CPU = Debug|Any CPU
		Release|Any CPU = Release|Any CPU
	EndGlobalSection
	GlobalSection(ProjectConfigurationPlatforms) = postSolution
		{80E5D2C4-9DCA-4451-A8D5-03289518B2CD}.Debug|Any CPU.ActiveCfg = Debug|Any CPU
		{80E5D2C4-9DCA-4451-A8D5-03289518B2CD}.Debug|Any CPU.Build.0 = Debug|Any CPU
		{80E5D2C4-9DCA-4451-A8D5-03289518B2CD}.Release|Any CPU.ActiveCfg = Release|Any CPU
		{80E5D2C4-9DCA-4451-A8D5-03289518B2CD}.Release|Any CPU.Build.0 = Release|Any CPU
	EndGlobalSection
	GlobalSection(SolutionProperties) = preSolution
		HideSolutionNode = FALSE
	EndGlobalSection
	GlobalSection(ExtensibilityGlobals) = postSolution
		SolutionGuid = {01CA69B7-2FE1-4B46-9F75-78A57B92DD1B}
	EndGlobalSection
EndGlobal
